{
  "nodes": {
    "cargo-readme-src": {
      "flake": false,
      "locked": {
        "lastModified": 1699295280,
        "narHash": "sha256-dqArkeKJMCzbSLcIZKerm7uGsS2itJSKZI4UiocfpsU=",
        "owner": "webern",
        "repo": "cargo-readme",
        "rev": "e0683641c02856a2171ee18a306a8c571cace0ec",
        "type": "github"
      },
      "original": {
        "owner": "webern",
        "repo": "cargo-readme",
        "type": "github"
      }
    },
    "essential-debugger": {
      "inputs": {
        "nixpkgs": [
          "nixpkgs"
        ],
        "systems": [
          "nixpkgs"
        ]
      },
      "locked": {
        "lastModified": 1724284211,
        "narHash": "sha256-64ELjP2m9iQgPDMNK52+jVjS61PsgrhcKH9JIZBdNn0=",
        "owner": "essential-contributions",
        "repo": "essential-debugger",
        "rev": "3590000e0675c0a077e93c8f10f5eac1e1663909",
        "type": "github"
      },
      "original": {
        "owner": "essential-contributions",
        "repo": "essential-debugger",
        "type": "github"
      }
    },
    "essential-server": {
      "inputs": {
        "nixpkgs": [
          "nixpkgs"
        ],
        "systems": [
          "nixpkgs"
        ]
      },
      "locked": {
        "lastModified": 1723602193,
        "narHash": "sha256-L4U+4UABsSYuXwWSu13U3ryR13+ZWZuNtVbNLaYLOf8=",
        "owner": "essential-contributions",
        "repo": "essential-server",
        "rev": "9cc770f7766bc1297092bcf9f8ee38b32e11f85c",
        "type": "github"
      },
      "original": {
        "owner": "essential-contributions",
        "repo": "essential-server",
        "type": "github"
      }
    },
    "essential-wallet": {
      "inputs": {
        "nixpkgs": [
          "nixpkgs"
        ],
        "systems": [
          "nixpkgs"
        ]
      },
      "locked": {
        "lastModified": 1724284860,
        "narHash": "sha256-XMdkqdc7/sklQ1vDauX4wwCd4MnWt9To2jtilfunDk4=",
        "owner": "essential-contributions",
        "repo": "essential-wallet",
        "rev": "edc42ca50ba0489549f1b98f50a11a64a0682712",
        "type": "github"
      },
      "original": {
        "owner": "essential-contributions",
        "repo": "essential-wallet",
        "type": "github"
      }
    },
    "nixpkgs": {
      "locked": {
        "lastModified": 1723991338,
        "narHash": "sha256-Grh5PF0+gootJfOJFenTTxDTYPidA3V28dqJ/WV7iis=",
        "owner": "nixos",
        "repo": "nixpkgs",
        "rev": "8a3354191c0d7144db9756a74755672387b702ba",
        "type": "github"
      },
      "original": {
        "owner": "nixos",
        "ref": "nixos-unstable",
        "repo": "nixpkgs",
        "type": "github"
      }
    },
    "pint": {
      "inputs": {
        "nixpkgs": [
          "nixpkgs"
        ],
        "pint-src": "pint-src",
        "systems": [
          "nixpkgs"
        ]
      },
      "locked": {
        "lastModified": 1724289034,
        "narHash": "sha256-jdfhjA70Ax7BgpEJcA758N0ia786FGWVWFecv3MjjbE=",
        "owner": "essential-contributions",
        "repo": "pint.nix",
        "rev": "21586a2299b06805713bccc6e14cd89e1eded010",
        "type": "github"
      },
      "original": {
        "owner": "essential-contributions",
        "repo": "pint.nix",
        "type": "github"
      }
    },
    "pint-src": {
      "flake": false,
      "locked": {
        "lastModified": 1724218887,
        "narHash": "sha256-p4v95n01OxtE5xsO7Dqbmhsjub4d1EHUbt1qs1zdqXI=",
        "owner": "essential-contributions",
        "repo": "pint",
        "rev": "050196e01c908f7970e6a9562d00512b29656bd3",
        "type": "github"
      },
      "original": {
        "owner": "essential-contributions",
        "repo": "pint",
        "type": "github"
      }
    },
    "root": {
      "inputs": {
        "cargo-readme-src": "cargo-readme-src",
        "essential-debugger": "essential-debugger",
        "essential-server": "essential-server",
        "essential-wallet": "essential-wallet",
        "nixpkgs": "nixpkgs",
        "pint": "pint",
        "systems": "systems"
      }
    },
    "systems": {
      "locked": {
        "lastModified": 1681028828,
        "narHash": "sha256-Vy1rq5AaRuLzOxct8nz4T6wlgyUR7zLU309k9mBC768=",
        "owner": "nix-systems",
        "repo": "default",
        "rev": "da67096a3b9bf56a91d16901293e51ba5b49a27e",
        "type": "github"
      },
      "original": {
        "owner": "nix-systems",
        "repo": "default",
        "type": "github"
      }
    }
  },
  "root": "root",
  "version": 7
}
