{
  "nodes": {
    "essential-server": {
      "inputs": {
        "nixpkgs": [
          "nixpkgs"
        ],
        "systems": [
          "nixpkgs"
        ]
      },
      "locked": {
        "lastModified": 1718161745,
        "narHash": "sha256-W9qh6oqy9wRhIrKQt9p3DfzeFmGNCpcRcosnx8kE6b0=",
        "ref": "refs/heads/main",
        "rev": "86e8716e4856dcce729a356c9af1d66c3ad149f9",
        "revCount": 73,
        "type": "git",
        "url": "ssh://git@github.com/essential-contributions/essential-server"
      },
      "original": {
        "type": "git",
        "url": "ssh://git@github.com/essential-contributions/essential-server"
      }
    },
    "nixpkgs": {
      "locked": {
        "lastModified": 1715787315,
        "narHash": "sha256-cYApT0NXJfqBkKcci7D9Kr4CBYZKOQKDYA23q8XNuWg=",
        "owner": "nixos",
        "repo": "nixpkgs",
        "rev": "33d1e753c82ffc557b4a585c77de43d4c922ebb5",
        "type": "github"
      },
      "original": {
        "owner": "nixos",
        "ref": "nixos-unstable",
        "repo": "nixpkgs",
        "type": "github"
      }
    },
    "pint": {
      "inputs": {
        "nixpkgs": [
          "nixpkgs"
        ],
        "pint-src": "pint-src",
        "systems": [
          "nixpkgs"
        ]
      },
      "locked": {
        "lastModified": 1717644480,
        "narHash": "sha256-33/2VWAZIqwRbZ3cCH4OX8eyFev6YhJG+1NwRn3fmj4=",
        "ref": "refs/heads/main",
        "rev": "b7219bc7c623638f78e71e0e08c4d7bace02f208",
        "revCount": 58,
        "type": "git",
        "url": "ssh://git@github.com/essential-contributions/pint.nix"
      },
      "original": {
        "type": "git",
        "url": "ssh://git@github.com/essential-contributions/pint.nix"
      }
    },
    "pint-src": {
      "flake": false,
      "locked": {
        "lastModified": 1717641702,
        "narHash": "sha256-01+y40iT5AVif3gCyIYjp3zFtK3MWoSFGkdWSwWSbsE=",
        "ref": "refs/heads/master",
        "rev": "b263a9aa79db071fc01041b4d507d1650a29bcca",
        "revCount": 1248,
        "type": "git",
        "url": "ssh://git@github.com/essential-contributions/pint"
      },
      "original": {
        "type": "git",
        "url": "ssh://git@github.com/essential-contributions/pint"
      }
    },
    "root": {
      "inputs": {
        "essential-server": "essential-server",
        "nixpkgs": "nixpkgs",
        "pint": "pint",
        "systems": "systems"
      }
    },
    "systems": {
      "locked": {
        "lastModified": 1681028828,
        "narHash": "sha256-Vy1rq5AaRuLzOxct8nz4T6wlgyUR7zLU309k9mBC768=",
        "owner": "nix-systems",
        "repo": "default",
        "rev": "da67096a3b9bf56a91d16901293e51ba5b49a27e",
        "type": "github"
      },
      "original": {
        "owner": "nix-systems",
        "repo": "default",
        "type": "github"
      }
    }
  },
  "root": "root",
  "version": 7
}
