{
  "nodes": {
    "cargo-readme-src": {
      "flake": false,
      "locked": {
        "lastModified": 1699295280,
        "narHash": "sha256-dqArkeKJMCzbSLcIZKerm7uGsS2itJSKZI4UiocfpsU=",
        "owner": "webern",
        "repo": "cargo-readme",
        "rev": "e0683641c02856a2171ee18a306a8c571cace0ec",
        "type": "github"
      },
      "original": {
        "owner": "webern",
        "repo": "cargo-readme",
        "type": "github"
      }
    },
    "essential-builder": {
      "inputs": {
        "essential-node": "essential-node",
        "nixpkgs": [
          "nixpkgs"
        ],
        "systems": [
          "nixpkgs"
        ]
      },
      "locked": {
        "lastModified": 1733499693,
        "narHash": "sha256-8rn1zD8tF9gjhIzs0AiiUYmWFBv6nkwIKCpcep2F8rc=",
        "owner": "essential-contributions",
        "repo": "essential-builder",
        "rev": "2f7089e1687816726549597d9e8e7bb94ffa42db",
        "type": "github"
      },
      "original": {
        "owner": "essential-contributions",
        "repo": "essential-builder",
        "type": "github"
      }
    },
    "essential-debugger": {
      "inputs": {
        "nixpkgs": [
          "nixpkgs"
        ],
        "systems": [
          "nixpkgs"
        ]
      },
      "locked": {
        "lastModified": 1724284211,
        "narHash": "sha256-64ELjP2m9iQgPDMNK52+jVjS61PsgrhcKH9JIZBdNn0=",
        "owner": "essential-contributions",
        "repo": "essential-debugger",
        "rev": "3590000e0675c0a077e93c8f10f5eac1e1663909",
        "type": "github"
      },
      "original": {
        "owner": "essential-contributions",
        "repo": "essential-debugger",
        "type": "github"
      }
    },
    "essential-node": {
      "inputs": {
        "nixpkgs": [
          "essential-builder",
          "nixpkgs"
        ],
        "systems": [
          "essential-builder",
          "nixpkgs"
        ]
      },
      "locked": {
        "lastModified": 1728638342,
        "narHash": "sha256-TtUkGxLeya6ziEdz5nrKA2Cj0fipVoKkkkTEeIBxYxg=",
        "owner": "essential-contributions",
        "repo": "essential-node",
        "rev": "8db2978b23da4a122483f7e205ee3d6c55613e32",
        "type": "github"
      },
      "original": {
        "owner": "essential-contributions",
        "repo": "essential-node",
        "type": "github"
      }
    },
    "essential-node_2": {
      "inputs": {
        "nixpkgs": [
          "nixpkgs"
        ],
        "systems": [
          "nixpkgs"
        ]
      },
      "locked": {
        "lastModified": 1733497433,
        "narHash": "sha256-dNyWeVhgZjANRPSWDvzOYBUgKlIYl/enFnr665qTf0w=",
        "owner": "essential-contributions",
        "repo": "essential-node",
        "rev": "99925e9d52a7bb613318865f08cd45a8cb6a69cd",
        "type": "github"
      },
      "original": {
        "owner": "essential-contributions",
        "repo": "essential-node",
        "type": "github"
      }
    },
    "essential-wallet": {
      "inputs": {
        "nixpkgs": [
          "nixpkgs"
        ],
        "systems": [
          "nixpkgs"
        ]
      },
      "locked": {
        "lastModified": 1733524909,
        "narHash": "sha256-GGGbWN9g0D+BTKEdmMBiiSlYYhjvJv2zGykttmjefpU=",
        "owner": "essential-contributions",
        "repo": "essential-wallet",
        "rev": "ae6634811651f93277f5f567b8c820cf8ffab1f9",
        "type": "github"
      },
      "original": {
        "owner": "essential-contributions",
        "repo": "essential-wallet",
        "type": "github"
      }
    },
    "nixpkgs": {
      "locked": {
        "lastModified": 1733581040,
        "narHash": "sha256-Qn3nPMSopRQJgmvHzVqPcE3I03zJyl8cSbgnnltfFDY=",
        "owner": "nixos",
        "repo": "nixpkgs",
        "rev": "22c3f2cf41a0e70184334a958e6b124fb0ce3e01",
        "type": "github"
      },
      "original": {
        "owner": "nixos",
        "ref": "nixos-unstable",
        "repo": "nixpkgs",
        "type": "github"
      }
    },
    "pint": {
      "inputs": {
        "nixpkgs": [
          "nixpkgs"
        ],
        "pint-src": "pint-src",
        "systems": [
          "nixpkgs"
        ]
      },
      "locked": {
        "lastModified": 1733767317,
        "narHash": "sha256-vVCYkH+0+CKStpdwdUc5Zcd87cCvzhQa7L/K4VT4FOY=",
        "owner": "essential-contributions",
        "repo": "pint.nix",
        "rev": "58a2aba0f57bc790a96ad74e3c783e6956e59cbe",
        "type": "github"
      },
      "original": {
        "owner": "essential-contributions",
        "repo": "pint.nix",
        "type": "github"
      }
    },
    "pint-src": {
      "flake": false,
      "locked": {
        "lastModified": 1733706712,
        "narHash": "sha256-orIFvXbRC76uhYg+uWc6gd+sr5HiHqtYO8r9ane4aOw=",
        "owner": "essential-contributions",
        "repo": "pint",
        "rev": "2cd90736766ab304a3378accaa39e8d8e5b20a60",
        "type": "github"
      },
      "original": {
        "owner": "essential-contributions",
        "repo": "pint",
        "type": "github"
      }
    },
    "root": {
      "inputs": {
        "cargo-readme-src": "cargo-readme-src",
        "essential-builder": "essential-builder",
        "essential-debugger": "essential-debugger",
        "essential-node": "essential-node_2",
        "essential-wallet": "essential-wallet",
        "nixpkgs": "nixpkgs",
        "pint": "pint",
        "systems": "systems"
      }
    },
    "systems": {
      "locked": {
        "lastModified": 1681028828,
        "narHash": "sha256-Vy1rq5AaRuLzOxct8nz4T6wlgyUR7zLU309k9mBC768=",
        "owner": "nix-systems",
        "repo": "default",
        "rev": "da67096a3b9bf56a91d16901293e51ba5b49a27e",
        "type": "github"
      },
      "original": {
        "owner": "nix-systems",
        "repo": "default",
        "type": "github"
      }
    }
  },
  "root": "root",
  "version": 7
}
