{
  "nodes": {
    "cargo-readme-src": {
      "flake": false,
      "locked": {
        "lastModified": 1699295280,
        "narHash": "sha256-dqArkeKJMCzbSLcIZKerm7uGsS2itJSKZI4UiocfpsU=",
        "owner": "webern",
        "repo": "cargo-readme",
        "rev": "e0683641c02856a2171ee18a306a8c571cace0ec",
        "type": "github"
      },
      "original": {
        "owner": "webern",
        "repo": "cargo-readme",
        "type": "github"
      }
    },
    "essential-builder": {
      "inputs": {
        "essential-node": "essential-node",
        "nixpkgs": [
          "nixpkgs"
        ],
        "systems": [
          "nixpkgs"
        ]
      },
      "locked": {
        "lastModified": 1729254030,
        "narHash": "sha256-2Et9cXtj1npBU2nWo1f8rZvWa2JlpDiCI5DLzFruDpg=",
        "owner": "essential-contributions",
        "repo": "essential-builder",
        "rev": "90eb5ae28bb7a84dd50a6a0481e6102494d9bad6",
        "type": "github"
      },
      "original": {
        "owner": "essential-contributions",
        "repo": "essential-builder",
        "type": "github"
      }
    },
    "essential-builder_2": {
      "inputs": {
        "essential-node": "essential-node_2",
        "nixpkgs": [
          "essential-integration",
          "nixpkgs"
        ],
        "systems": [
          "essential-integration",
          "nixpkgs"
        ]
      },
      "locked": {
        "lastModified": 1728984506,
        "narHash": "sha256-mVl4PSiPtvmuNGlUenvscwqatxjdM/2j/88YnlhRLk0=",
        "owner": "essential-contributions",
        "repo": "essential-builder",
        "rev": "e6285d2386e9ddff565b1c2df7c5a758dc6fa2ac",
        "type": "github"
      },
      "original": {
        "owner": "essential-contributions",
        "repo": "essential-builder",
        "type": "github"
      }
    },
    "essential-debugger": {
      "inputs": {
        "nixpkgs": [
          "essential-integration",
          "nixpkgs"
        ],
        "systems": [
          "essential-integration",
          "nixpkgs"
        ]
      },
      "locked": {
        "lastModified": 1724284211,
        "narHash": "sha256-64ELjP2m9iQgPDMNK52+jVjS61PsgrhcKH9JIZBdNn0=",
        "owner": "essential-contributions",
        "repo": "essential-debugger",
        "rev": "3590000e0675c0a077e93c8f10f5eac1e1663909",
        "type": "github"
      },
      "original": {
        "owner": "essential-contributions",
        "repo": "essential-debugger",
        "type": "github"
      }
    },
    "essential-integration": {
      "inputs": {
        "cargo-readme-src": "cargo-readme-src",
        "essential-builder": "essential-builder_2",
        "essential-debugger": "essential-debugger",
        "essential-node": "essential-node_3",
        "essential-wallet": "essential-wallet",
        "nixpkgs": [
          "nixpkgs"
        ],
        "pint": "pint",
        "systems": [
          "nixpkgs"
        ]
      },
      "locked": {
        "lastModified": 1729296476,
        "narHash": "sha256-ONIYYNV9ZrEeeeRKeLk8n0CBSByeExzCfeX4qrgLEi4=",
        "owner": "essential-contributions",
        "repo": "essential-integration",
        "rev": "8c8a9402c11ec0680f5718e4b2f0cd361185f2bc",
        "type": "github"
      },
      "original": {
        "owner": "essential-contributions",
        "repo": "essential-integration",
        "type": "github"
      }
    },
    "essential-node": {
      "inputs": {
        "nixpkgs": [
          "essential-builder",
          "nixpkgs"
        ],
        "systems": [
          "essential-builder",
          "nixpkgs"
        ]
      },
      "locked": {
        "lastModified": 1728638342,
        "narHash": "sha256-TtUkGxLeya6ziEdz5nrKA2Cj0fipVoKkkkTEeIBxYxg=",
        "owner": "essential-contributions",
        "repo": "essential-node",
        "rev": "8db2978b23da4a122483f7e205ee3d6c55613e32",
        "type": "github"
      },
      "original": {
        "owner": "essential-contributions",
        "repo": "essential-node",
        "type": "github"
      }
    },
    "essential-node_2": {
      "inputs": {
        "nixpkgs": [
          "essential-integration",
          "essential-builder",
          "nixpkgs"
        ],
        "systems": [
          "essential-integration",
          "essential-builder",
          "nixpkgs"
        ]
      },
      "locked": {
        "lastModified": 1728638342,
        "narHash": "sha256-TtUkGxLeya6ziEdz5nrKA2Cj0fipVoKkkkTEeIBxYxg=",
        "owner": "essential-contributions",
        "repo": "essential-node",
        "rev": "8db2978b23da4a122483f7e205ee3d6c55613e32",
        "type": "github"
      },
      "original": {
        "owner": "essential-contributions",
        "repo": "essential-node",
        "type": "github"
      }
    },
    "essential-node_3": {
      "inputs": {
        "nixpkgs": [
          "essential-integration",
          "nixpkgs"
        ],
        "systems": [
          "essential-integration",
          "nixpkgs"
        ]
      },
      "locked": {
        "lastModified": 1729073317,
        "narHash": "sha256-8NpWAdf/f5Z1yV5PRbGQWa7CNPfTuTyBEzT5Y2FW5uM=",
        "owner": "essential-contributions",
        "repo": "essential-node",
        "rev": "03661c0bd49874d84dd29678ed413548086e6e31",
        "type": "github"
      },
      "original": {
        "owner": "essential-contributions",
        "repo": "essential-node",
        "type": "github"
      }
    },
    "essential-node_4": {
      "inputs": {
        "nixpkgs": [
          "nixpkgs"
        ],
        "systems": [
          "nixpkgs"
        ]
      },
      "locked": {
        "lastModified": 1729252479,
        "narHash": "sha256-B9BF67D0Gx8hg/2Z5bipRMmFuLxiHOKx8ylefb018vg=",
        "owner": "essential-contributions",
        "repo": "essential-node",
        "rev": "6bde8b93d3cf03ede0fd403b54e8aaf604dce0e6",
        "type": "github"
      },
      "original": {
        "owner": "essential-contributions",
        "repo": "essential-node",
        "type": "github"
      }
    },
    "essential-wallet": {
      "inputs": {
        "nixpkgs": [
          "essential-integration",
          "nixpkgs"
        ],
        "systems": [
          "essential-integration",
          "nixpkgs"
        ]
      },
      "locked": {
        "lastModified": 1729041944,
        "narHash": "sha256-u2xwdz4xaoF2qxPonybJcaaxAqhyyNSRhb4v1JfW1Zg=",
        "owner": "essential-contributions",
        "repo": "essential-wallet",
        "rev": "ee19ac675b664a69cb35dcee20a0a51dc8d82682",
        "type": "github"
      },
      "original": {
        "owner": "essential-contributions",
        "repo": "essential-wallet",
        "type": "github"
      }
    },
    "essential-wallet_2": {
      "inputs": {
        "nixpkgs": [
          "nixpkgs"
        ],
        "systems": [
          "nixpkgs"
        ]
      },
      "locked": {
        "lastModified": 1729298828,
        "narHash": "sha256-i8VoIu1BOsFM/Cua5ZPvPYYP2yN5gNqrlYuYgxdkMik=",
        "owner": "essential-contributions",
        "repo": "essential-wallet",
        "rev": "89b5367c2e8f371a6d1f5ab2d925172142fbabb6",
        "type": "github"
      },
      "original": {
        "owner": "essential-contributions",
        "repo": "essential-wallet",
        "type": "github"
      }
    },
    "nixpkgs": {
      "locked": {
        "lastModified": 1729070438,
        "narHash": "sha256-KOTTUfPkugH52avUvXGxvWy8ibKKj4genodIYUED+Kc=",
        "owner": "nixos",
        "repo": "nixpkgs",
        "rev": "5785b6bb5eaae44e627d541023034e1601455827",
        "type": "github"
      },
      "original": {
        "owner": "nixos",
        "ref": "nixos-unstable",
        "repo": "nixpkgs",
        "type": "github"
      }
    },
    "pint": {
      "inputs": {
        "nixpkgs": [
          "essential-integration",
          "nixpkgs"
        ],
        "pint-src": "pint-src",
        "systems": [
          "essential-integration",
          "nixpkgs"
        ]
      },
      "locked": {
        "lastModified": 1729058271,
        "narHash": "sha256-GTXbP1mrWHqSftTunt082lshiGZELzISZ2RyHGX92uM=",
        "owner": "essential-contributions",
        "repo": "pint.nix",
        "rev": "f9ce0794dd60e5891d5eabb69b9ab4b1b3708d6f",
        "type": "github"
      },
      "original": {
        "owner": "essential-contributions",
        "repo": "pint.nix",
        "type": "github"
      }
    },
    "pint-src": {
      "flake": false,
      "locked": {
        "lastModified": 1729041016,
        "narHash": "sha256-SABww6YBSfiXEq5EBextLwAXdxNJalTFZghJaLWPO38=",
        "owner": "essential-contributions",
        "repo": "pint",
        "rev": "4d91cbb091a0d035e8a05004d5aced991f26ec2f",
        "type": "github"
      },
      "original": {
        "owner": "essential-contributions",
        "repo": "pint",
        "type": "github"
      }
    },
    "pint-src_2": {
      "flake": false,
      "locked": {
        "lastModified": 1729282688,
        "narHash": "sha256-O1wFNb1blxE1HRkYFyYryvmxYnlfvY/qzfypSPl9Tnw=",
        "owner": "essential-contributions",
        "repo": "pint",
        "rev": "c6de9681bdb544405fdfb79315cf1ca6e399b736",
        "type": "github"
      },
      "original": {
        "owner": "essential-contributions",
        "repo": "pint",
        "type": "github"
      }
    },
    "pint_2": {
      "inputs": {
        "nixpkgs": [
          "nixpkgs"
        ],
        "pint-src": "pint-src_2",
        "systems": [
          "nixpkgs"
        ]
      },
      "locked": {
        "lastModified": 1729299117,
        "narHash": "sha256-RaTHcLyUdD8uoUZROG74Go26b/iWPoca1LB7BDJVcu8=",
        "owner": "essential-contributions",
        "repo": "pint.nix",
        "rev": "e0f94f58f7314cc5312bad7e0d6c441acc6be051",
        "type": "github"
      },
      "original": {
        "owner": "essential-contributions",
        "repo": "pint.nix",
        "type": "github"
      }
    },
    "root": {
      "inputs": {
        "essential-builder": "essential-builder",
        "essential-integration": "essential-integration",
        "essential-node": "essential-node_4",
        "essential-wallet": "essential-wallet_2",
        "nixpkgs": "nixpkgs",
        "pint": "pint_2",
        "systems": "systems"
      }
    },
    "systems": {
      "locked": {
        "lastModified": 1681028828,
        "narHash": "sha256-Vy1rq5AaRuLzOxct8nz4T6wlgyUR7zLU309k9mBC768=",
        "owner": "nix-systems",
        "repo": "default",
        "rev": "da67096a3b9bf56a91d16901293e51ba5b49a27e",
        "type": "github"
      },
      "original": {
        "owner": "nix-systems",
        "repo": "default",
        "type": "github"
      }
    }
  },
  "root": "root",
  "version": 7
}
